
Microsoft Visual Studio Solution File, Format Version 12.00
# Visual Studio 15
VisualStudioVersion = 15.0.27703.2018
MinimumVisualStudioVersion = 10.0.40219.1
Project("{FAE04EC0-301F-11D3-BF4B-00C04F79EFBC}") = "ReadingFeedRSS", "ReadingFeedRSS\ReadingFeedRSS.csproj", "{EFC1E174-B59B-417B-83E1-2B7B0383F96C}"
EndProject
Project("{FAE04EC0-301F-11D3-BF4B-00C04F79EFBC}") = "WebFeedRSS", "WebFeedRSS\WebFeedRSS.csproj", "{1CAF4EEC-7940-4045-9398-794DEEF4567F}"
EndProject
Global
	GlobalSection(SolutionConfigurationPlatforms) = preSolution
		Debug|Any CPU = Debug|Any CPU
		Release|Any CPU = Release|Any CPU
	EndGlobalSection
	GlobalSection(ProjectConfigurationPlatforms) = postSolution
		{EFC1E174-B59B-417B-83E1-2B7B0383F96C}.Debug|Any CPU.ActiveCfg = Debug|Any CPU
		{EFC1E174-B59B-417B-83E1-2B7B0383F96C}.Debug|Any CPU.Build.0 = Debug|Any CPU
		{EFC1E174-B59B-417B-83E1-2B7B0383F96C}.Release|Any CPU.ActiveCfg = Release|Any CPU
		{EFC1E174-B59B-417B-83E1-2B7B0383F96C}.Release|Any CPU.Build.0 = Release|Any CPU
		{1CAF4EEC-7940-4045-9398-794DEEF4567F}.Debug|Any CPU.ActiveCfg = Debug|Any CPU
		{1CAF4EEC-7940-4045-9398-794DEEF4567F}.Debug|Any CPU.Build.0 = Debug|Any CPU
		{1CAF4EEC-7940-4045-9398-794DEEF4567F}.Release|Any CPU.ActiveCfg = Release|Any CPU
		{1CAF4EEC-7940-4045-9398-794DEEF4567F}.Release|Any CPU.Build.0 = Release|Any CPU
	EndGlobalSection
	GlobalSection(SolutionProperties) = preSolution
		HideSolutionNode = FALSE
	EndGlobalSection
	GlobalSection(ExtensibilityGlobals) = postSolution
		SolutionGuid = {08A2C515-A366-4B01-AAE9-EB08003A1F93}
	EndGlobalSection
EndGlobal
